{
  "name": "yaobao-tools",
  "version": "1.0.0",
  "lockfileVersion": 3,
  "requires": true,
  "packages": {
    "": {
      "name": "yaobao-tools",
      "version": "1.0.0",
      "dependencies": {
        "@babel/standalone": "^7.24.0",
        "three": "0.128.0"
      }
    },
    "node_modules/@babel/standalone": {
      "version": "7.29.7",
      "resolved": "https://registry.npmmirror.com/@babel/standalone/-/standalone-7.29.7.tgz",
      "integrity": "sha512-oFh9XoGL20UuHIeIuBQHOvF7r2dOCRnZW0r4SageGb9SWnt6HhbuPLREykNaEnP7/SRpMUwr50SSMJLrmeHvnQ==",
      "license": "MIT",
      "engines": {
        "node": ">=6.9.0"
      }
    },
    "node_modules/three": {
      "version": "0.128.0",
      "resolved": "https://registry.npmmirror.com/three/-/three-0.128.0.tgz",
      "integrity": "sha512-i0ap/E+OaSfzw7bD1TtYnPo3VEplkl70WX5fZqZnfZsE3k3aSFudqrrC9ldFZfYFkn1zwDmBcdGfiIm/hnbyZA==",
      "license": "MIT"
    }
  }
}
